{
  "originHash" : "a257fc540f748e4a870e1c2f465faf193228ff147cb44e8def52e1767cfd2fea",
  "pins" : [
    {
      "identity" : "mapkit-ios-lite",
      "kind" : "remoteSourceControl",
      "location" : "https://github.com/yandex/mapkit-ios-lite",
      "state" : {
        "revision" : "7a50a29b4a684654519c231178cdafb85e7d1743",
        "version" : "4.45.0"
      }
    }
  ],
  "version" : 3
}
